
Microsoft Visual Studio Solution File, Format Version 12.00
# Visual Studio Version 16
VisualStudioVersion = 16.0.30114.105
MinimumVisualStudioVersion = 10.0.40219.1
Project("{2150E333-8FDC-42A3-9474-1A3956D46DE8}") = "src", "src", "{2BCA4105-6FAB-4ED5-938E-6CEFAE943F74}"
EndProject
Project("{FAE04EC0-301F-11D3-BF4B-00C04F79EFBC}") = "Expanse.Web", "src\Expanse.Web\Expanse.Web.csproj", "{7DC43607-5FC8-4CED-A884-377DF03C2E00}"
EndProject
Global
	GlobalSection(SolutionConfigurationPlatforms) = preSolution
		Debug|Any CPU = Debug|Any CPU
		Release|Any CPU = Release|Any CPU
	EndGlobalSection
	GlobalSection(SolutionProperties) = preSolution
		HideSolutionNode = FALSE
	EndGlobalSection
	GlobalSection(ProjectConfigurationPlatforms) = postSolution
		{7DC43607-5FC8-4CED-A884-377DF03C2E00}.Debug|Any CPU.ActiveCfg = Debug|Any CPU
		{7DC43607-5FC8-4CED-A884-377DF03C2E00}.Debug|Any CPU.Build.0 = Debug|Any CPU
		{7DC43607-5FC8-4CED-A884-377DF03C2E00}.Release|Any CPU.ActiveCfg = Release|Any CPU
		{7DC43607-5FC8-4CED-A884-377DF03C2E00}.Release|Any CPU.Build.0 = Release|Any CPU
	EndGlobalSection
	GlobalSection(NestedProjects) = preSolution
		{7DC43607-5FC8-4CED-A884-377DF03C2E00} = {2BCA4105-6FAB-4ED5-938E-6CEFAE943F74}
	EndGlobalSection
EndGlobal
